
Microsoft Visual Studio Solution File, Format Version 12.00
# Visual Studio 15
VisualStudioVersion = 15.0.28307.106
MinimumVisualStudioVersion = 10.0.40219.1
Project("{9A19103F-16F7-4668-BE54-9A1E7A4F7556}") = "Step01ConsoleApp", "Step01ConsoleApp\Step01ConsoleApp.csproj", "{8E038964-28EE-4C59-B904-A4355DDD2529}"
EndProject
Project("{9A19103F-16F7-4668-BE54-9A1E7A4F7556}") = "Common", "Common\Common.csproj", "{517447F4-D851-4726-89A6-3751CF98827B}"
EndProject
Project("{FAE04EC0-301F-11D3-BF4B-00C04F79EFBC}") = "SentimentAnalysis", "SentimentAnalysis\SentimentAnalysis.csproj", "{C774574F-BD82-4012-A19D-A19392A2DE0E}"
EndProject
Global
	GlobalSection(SolutionConfigurationPlatforms) = preSolution
		Debug|Any CPU = Debug|Any CPU
		Release|Any CPU = Release|Any CPU
	EndGlobalSection
	GlobalSection(ProjectConfigurationPlatforms) = postSolution
		{8E038964-28EE-4C59-B904-A4355DDD2529}.Debug|Any CPU.ActiveCfg = Debug|Any CPU
		{8E038964-28EE-4C59-B904-A4355DDD2529}.Debug|Any CPU.Build.0 = Debug|Any CPU
		{8E038964-28EE-4C59-B904-A4355DDD2529}.Release|Any CPU.ActiveCfg = Release|Any CPU
		{8E038964-28EE-4C59-B904-A4355DDD2529}.Release|Any CPU.Build.0 = Release|Any CPU
		{517447F4-D851-4726-89A6-3751CF98827B}.Debug|Any CPU.ActiveCfg = Debug|Any CPU
		{517447F4-D851-4726-89A6-3751CF98827B}.Debug|Any CPU.Build.0 = Debug|Any CPU
		{517447F4-D851-4726-89A6-3751CF98827B}.Release|Any CPU.ActiveCfg = Release|Any CPU
		{517447F4-D851-4726-89A6-3751CF98827B}.Release|Any CPU.Build.0 = Release|Any CPU
		{C774574F-BD82-4012-A19D-A19392A2DE0E}.Debug|Any CPU.ActiveCfg = Debug|Any CPU
		{C774574F-BD82-4012-A19D-A19392A2DE0E}.Debug|Any CPU.Build.0 = Debug|Any CPU
		{C774574F-BD82-4012-A19D-A19392A2DE0E}.Release|Any CPU.ActiveCfg = Release|Any CPU
		{C774574F-BD82-4012-A19D-A19392A2DE0E}.Release|Any CPU.Build.0 = Release|Any CPU
	EndGlobalSection
	GlobalSection(SolutionProperties) = preSolution
		HideSolutionNode = FALSE
	EndGlobalSection
	GlobalSection(ExtensibilityGlobals) = postSolution
		SolutionGuid = {F12B6892-3220-49D1-AE8D-6E1A5663C858}
	EndGlobalSection
EndGlobal
